
Microsoft Visual Studio Solution File, Format Version 12.00
# Visual Studio 2013
VisualStudioVersion = 12.0.30723.0
MinimumVisualStudioVersion = 10.0.40219.1
Project("{FAE04EC0-301F-11D3-BF4B-00C04F79EFBC}") = "Hl7.Fhir.Model", "Hl7.Fhir.Model\Hl7.Fhir.Model.csproj", "{3CA811D7-19A7-43AC-A403-1F35E4EC2BFC}"
EndProject
Global
	GlobalSection(SolutionConfigurationPlatforms) = preSolution
		DebugNet40|Any CPU = DebugNet40|Any CPU
		ReleaseNet40|Any CPU = ReleaseNet40|Any CPU
	EndGlobalSection
	GlobalSection(ProjectConfigurationPlatforms) = postSolution
		{3CA811D7-19A7-43AC-A403-1F35E4EC2BFC}.DebugNet40|Any CPU.ActiveCfg = DebugNet40|Any CPU
		{3CA811D7-19A7-43AC-A403-1F35E4EC2BFC}.DebugNet40|Any CPU.Build.0 = DebugNet40|Any CPU
		{3CA811D7-19A7-43AC-A403-1F35E4EC2BFC}.ReleaseNet40|Any CPU.ActiveCfg = ReleaseNet40|Any CPU
		{3CA811D7-19A7-43AC-A403-1F35E4EC2BFC}.ReleaseNet40|Any CPU.Build.0 = ReleaseNet40|Any CPU
	EndGlobalSection
	GlobalSection(SolutionProperties) = preSolution
		HideSolutionNode = FALSE
	EndGlobalSection
	GlobalSection(MonoDevelopProperties) = preSolution
		StartupItem = src\Hl7.Fhir.Api.csproj
	EndGlobalSection
EndGlobal
